// !$*UTF8*$!
{
	archiveVersion = 1;
	classes = {
	};
	objectVersion = 46;
	objects = {

/* Begin PBXBuildFile section */
		95D9063E1F596A2A00325197 /* AppDelegate.swift in Sources */ = {isa = PBXBuildFile; fileRef = 95D9063D1F596A2A00325197 /* AppDelegate.swift */; };
		95D906401F596A2A00325197 /* ViewController.swift in Sources */ = {isa = PBXBuildFile; fileRef = 95D9063F1F596A2A00325197 /* ViewController.swift */; };
		95D906431F596A2A00325197 /* Main.storyboard in Resources */ = {isa = PBXBuildFile; fileRef = 95D906411F596A2A00325197 /* Main.storyboard */; };
		95D906451F596A2A00325197 /* Assets.xcassets in Resources */ = {isa = PBXBuildFile; fileRef = 95D906441F596A2A00325197 /* Assets.xcassets */; };
		95D906481F596A2A00325197 /* LaunchScreen.storyboard in Resources */ = {isa = PBXBuildFile; fileRef = 95D906461F596A2A00325197 /* LaunchScreen.storyboard */; };
/* End PBXBuildFile section */

/* Begin PBXFileReference section */
		95D9063A1F596A2A00325197 /* OnlinerReader.app */ = {isa = PBXFileReference; explicitFileType = wrapper.application; includeInIndex = 0; path = OnlinerReader.app; sourceTree = BUILT_PRODUCTS_DIR; };
		95D9063D1F596A2A00325197 /* AppDelegate.swift */ = {isa = PBXFileReference; lastKnownFileType = sourcecode.swift; path = AppDelegate.swift; sourceTree = "<group>"; };
		95D9063F1F596A2A00325197 /* ViewController.swift */ = {isa = PBXFileReference; lastKnownFileType = sourcecode.swift; path = ViewController.swift; sourceTree = "<group>"; };
		95D906421F596A2A00325197 /* Base */ = {isa = PBXFileReference; lastKnownFileType = file.storyboard; name = Base; path = Base.lproj/Main.storyboard; sourceTree = "<group>"; };
		95D906441F596A2A00325197 /* Assets.xcassets */ = {isa = PBXFileReference; lastKnownFileType = folder.assetcatalog; path = Assets.xcassets; sourceTree = "<group>"; };
		95D906471F596A2A00325197 /* Base */ = {isa = PBXFileReference; lastKnownFileType = file.storyboard; name = Base; path = Base.lproj/LaunchScreen.storyboard; sourceTree = "<group>"; };
		95D906491F596A2A00325197 /* Info.plist */ = {isa = PBXFileReference; lastKnownFileType = text.plist.xml; path = Info.plist; sourceTree = "<group>"; };
/* End PBXFileReference section */

/* Begin PBXFrameworksBuildPhase section */
		95D906371F596A2A00325197 /* Frameworks */ = {
			isa = PBXFrameworksBuildPhase;
			buildActionMask = 2147483647;
			files = (
			);
			runOnlyForDeploymentPostprocessing = 0;
		};
/* End PBXFrameworksBuildPhase section */

/* Begin PBXGroup section */
		95D906311F596A2A00325197 = {
			isa = PBXGroup;
			children = (
				95D9063C1F596A2A00325197 /* OnlinerReader */,
				95D9063B1F596A2A00325197 /* Products */,
			);
			sourceTree = "<group>";
		};
		95D9063B1F596A2A00325197 /* Products */ = {
			isa = PBXGroup;
			children = (
				95D9063A1F596A2A00325197 /* OnlinerReader.app */,
			);
			name = Products;
			sourceTree = "<group>";
		};
		95D9063C1F596A2A00325197 /* OnlinerReader */ = {
			isa = PBXGroup;
			children = (
				95D9063D1F596A2A00325197 /* AppDelegate.swift */,
				95D9063F1F596A2A00325197 /* ViewController.swift */,
				95D906411F596A2A00325197 /* Main.storyboard */,
				95D906441F596A2A00325197 /* Assets.xcassets */,
				95D906461F596A2A00325197 /* LaunchScreen.storyboard */,
				95D906491F596A2A00325197 /* Info.plist */,
			);
			path = OnlinerReader;
			sourceTree = "<group>";
		};
/* End PBXGroup section */

/* Begin PBXNativeTarget section */
		95D906391F596A2A00325197 /* OnlinerReader */ = {
			isa = PBXNativeTarget;
			buildConfigurationList = 95D9064C1F596A2A00325197 /* Build configuration list for PBXNativeTarget "OnlinerReader" */;
			buildPhases = (
				95D906361F596A2A00325197 /* Sources */,
				95D906371F596A2A00325197 /* Frameworks */,
				95D906381F596A2A00325197 /* Resources */,
			);
			buildRules = (
			);
			dependencies = (
			);
			name = OnlinerReader;
			productName = OnlinerReader;
			productReference = 95D9063A1F596A2A00325197 /* OnlinerReader.app */;
			productType = "com.apple.product-type.application";
		};
/* End PBXNativeTarget section */

/* Begin PBXProject section */
		95D906321F596A2A00325197 /* Project object */ = {
			isa = PBXProject;
			attributes = {
				LastSwiftUpdateCheck = 0820;
				LastUpgradeCheck = 0820;
				ORGANIZATIONNAME = biarozkin;
				TargetAttributes = {
					95D906391F596A2A00325197 = {
						CreatedOnToolsVersion = 8.2.1;
						ProvisioningStyle = Automatic;
					};
				};
			};
			buildConfigurationList = 95D906351F596A2A00325197 /* Build configuration list for PBXProject "OnlinerReader" */;
			compatibilityVersion = "Xcode 3.2";
			developmentRegion = English;
			hasScannedForEncodings = 0;
			knownRegions = (
				en,
				Base,
			);
			mainGroup = 95D906311F596A2A00325197;
			productRefGroup = 95D9063B1F596A2A00325197 /* Products */;
			projectDirPath = "";
			projectRoot = "";
			targets = (
				95D906391F596A2A00325197 /* OnlinerReader */,
			);
		};
/* End PBXProject section */

/* Begin PBXResourcesBuildPhase section */
		95D906381F596A2A00325197 /* Resources */ = {
			isa = PBXResourcesBuildPhase;
			buildActionMask = 2147483647;
			files = (
				95D906481F596A2A00325197 /* LaunchScreen.storyboard in Resources */,
				95D906451F596A2A00325197 /* Assets.xcassets in Resources */,
				95D906431F596A2A00325197 /* Main.storyboard in Resources */,
			);
			runOnlyForDeploymentPostprocessing = 0;
		};
/* End PBXResourcesBuildPhase section */

/* Begin PBXSourcesBuildPhase section */
		95D906361F596A2A00325197 /* Sources */ = {
			isa = PBXSourcesBuildPhase;
			buildActionMask = 2147483647;
			files = (
				95D906401F596A2A00325197 /* ViewController.swift in Sources */,
				95D9063E1F596A2A00325197 /* AppDelegate.swift in Sources */,
			);
			runOnlyForDeploymentPostprocessing = 0;
		};
/* End PBXSourcesBuildPhase section */

/* Begin PBXVariantGroup section */
		95D906411F596A2A00325197 /* Main.storyboard */ = {
			isa = PBXVariantGroup;
			children = (
				95D906421F596A2A00325197 /* Base */,
			);
			name = Main.storyboard;
			sourceTree = "<group>";
		};
		95D906461F596A2A00325197 /* LaunchScreen.storyboard */ = {
			isa = PBXVariantGroup;
			children = (
				95D906471F596A2A00325197 /* Base */,
			);
			name = LaunchScreen.storyboard;
			sourceTree = "<group>";
		};
/* End PBXVariantGroup section */

/* Begin XCBuildConfiguration section */
		95D9064A1F596A2A00325197 /* Debug */ = {
			isa = XCBuildConfiguration;
			buildSettings = {
				ALWAYS_SEARCH_USER_PATHS = NO;
				CLANG_ANALYZER_NONNULL = YES;
				CLANG_CXX_LANGUAGE_STANDARD = "gnu++0x";
				CLANG_CXX_LIBRARY = "libc++";
				CLANG_ENABLE_MODULES = YES;
				CLANG_ENABLE_OBJC_ARC = YES;
				CLANG_WARN_BOOL_CONVERSION = YES;
				CLANG_WARN_CONSTANT_CONVERSION = YES;
				CLANG_WARN_DIRECT_OBJC_ISA_USAGE = YES_ERROR;
				CLANG_WARN_DOCUMENTATION_COMMENTS = YES;
				CLANG_WARN_EMPTY_BODY = YES;
				CLANG_WARN_ENUM_CONVERSION = YES;
				CLANG_WARN_INFINITE_RECURSION = YES;
				CLANG_WARN_INT_CONVERSION = YES;
				CLANG_WARN_OBJC_ROOT_CLASS = YES_ERROR;
				CLANG_WARN_SUSPICIOUS_MOVE = YES;
				CLANG_WARN_UNREACHABLE_CODE = YES;
				CLANG_WARN__DUPLICATE_METHOD_MATCH = YES;
				"CODE_SIGN_IDENTITY[sdk=iphoneos*]" = "iPhone Developer";
				COPY_PHASE_STRIP = NO;
				DEBUG_INFORMATION_FORMAT = dwarf;
				ENABLE_STRICT_OBJC_MSGSEND = YES;
				ENABLE_TESTABILITY = YES;
				GCC_C_LANGUAGE_STANDARD = gnu99;
				GCC_DYNAMIC_NO_PIC = NO;
				GCC_NO_COMMON_BLOCKS = YES;
				GCC_OPTIMIZATION_LEVEL = 0;
				GCC_PREPROCESSOR_DEFINITIONS = (
					"DEBUG=1",
					"$(inherited)",
				);
				GCC_WARN_64_TO_32_BIT_CONVERSION = YES;
				GCC_WARN_ABOUT_RETURN_TYPE = YES_ERROR;
				GCC_WARN_UNDECLARED_SELECTOR = YES;
				GCC_WARN_UNINITIALIZED_AUTOS = YES_AGGRESSIVE;
				GCC_WARN_UNUSED_FUNCTION = YES;
				GCC_WARN_UNUSED_VARIABLE = YES;
				IPHONEOS_DEPLOYMENT_TARGET = 10.2;
				MTL_ENABLE_DEBUG_INFO = YES;
				ONLY_ACTIVE_ARCH = YES;
				SDKROOT = iphoneos;
				SWIFT_ACTIVE_COMPILATION_CONDITIONS = DEBUG;
				SWIFT_OPTIMIZATION_LEVEL = "-Onone";
			};
			name = Debug;
		};
		95D9064B1F596A2A00325197 /* Release */ = {
			isa = XCBuildConfiguration;
			buildSettings = {
				ALWAYS_SEARCH_USER_PATHS = NO;
				CLANG_ANALYZER_NONNULL = YES;
				CLANG_CXX_LANGUAGE_STANDARD = "gnu++0x";
				CLANG_CXX_LIBRARY = "libc++";
				CLANG_ENABLE_MODULES = YES;
				CLANG_ENABLE_OBJC_ARC = YES;
				CLANG_WARN_BOOL_CONVERSION = YES;
				CLANG_WARN_CONSTANT_CONVERSION = YES;
				CLANG_WARN_DIRECT_OBJC_ISA_USAGE = YES_ERROR;
				CLANG_WARN_DOCUMENTATION_COMMENTS = YES;
				CLANG_WARN_EMPTY_BODY = YES;
				CLANG_WARN_ENUM_CONVERSION = YES;
				CLANG_WARN_INFINITE_RECURSION = YES;
				CLANG_WARN_INT_CONVERSION = YES;
				CLANG_WARN_OBJC_ROOT_CLASS = YES_ERROR;
				CLANG_WARN_SUSPICIOUS_MOVE = YES;
				CLANG_WARN_UNREACHABLE_CODE = YES;
				CLANG_WARN__DUPLICATE_METHOD_MATCH = YES;
				"CODE_SIGN_IDENTITY[sdk=iphoneos*]" = "iPhone Developer";
				COPY_PHASE_STRIP = NO;
				DEBUG_INFORMATION_FORMAT = "dwarf-with-dsym";
				ENABLE_NS_ASSERTIONS = NO;
				ENABLE_STRICT_OBJC_MSGSEND = YES;
				GCC_C_LANGUAGE_STANDARD = gnu99;
				GCC_NO_COMMON_BLOCKS = YES;
				GCC_WARN_64_TO_32_BIT_CONVERSION = YES;
				GCC_WARN_ABOUT_RETURN_TYPE = YES_ERROR;
				GCC_WARN_UNDECLARED_SELECTOR = YES;
				GCC_WARN_UNINITIALIZED_AUTOS = YES_AGGRESSIVE;
				GCC_WARN_UNUSED_FUNCTION = YES;
				GCC_WARN_UNUSED_VARIABLE = YES;
				IPHONEOS_DEPLOYMENT_TARGET = 10.2;
				MTL_ENABLE_DEBUG_INFO = NO;
				SDKROOT = iphoneos;
				SWIFT_OPTIMIZATION_LEVEL = "-Owholemodule";
				VALIDATE_PRODUCT = YES;
			};
			name = Release;
		};
		95D9064D1F596A2A00325197 /* Debug */ = {
			isa = XCBuildConfiguration;
			buildSettings = {
				ASSETCATALOG_COMPILER_APPICON_NAME = AppIcon;
				INFOPLIST_FILE = OnlinerReader/Info.plist;
				LD_RUNPATH_SEARCH_PATHS = "$(inherited) @executable_path/Frameworks";
				PRODUCT_BUNDLE_IDENTIFIER = com.biarozkin.OnlinerReader;
				PRODUCT_NAME = "$(TARGET_NAME)";
				SWIFT_VERSION = 3.0;
			};
			name = Debug;
		};
		95D9064E1F596A2A00325197 /* Release */ = {
			isa = XCBuildConfiguration;
			buildSettings = {
				ASSETCATALOG_COMPILER_APPICON_NAME = AppIcon;
				INFOPLIST_FILE = OnlinerReader/Info.plist;
				LD_RUNPATH_SEARCH_PATHS = "$(inherited) @executable_path/Frameworks";
				PRODUCT_BUNDLE_IDENTIFIER = com.biarozkin.OnlinerReader;
				PRODUCT_NAME = "$(TARGET_NAME)";
				SWIFT_VERSION = 3.0;
			};
			name = Release;
		};
/* End XCBuildConfiguration section */

/* Begin XCConfigurationList section */
		95D906351F596A2A00325197 /* Build configuration list for PBXProject "OnlinerReader" */ = {
			isa = XCConfigurationList;
			buildConfigurations = (
				95D9064A1F596A2A00325197 /* Debug */,
				95D9064B1F596A2A00325197 /* Release */,
			);
			defaultConfigurationIsVisible = 0;
			defaultConfigurationName = Release;
		};
		95D9064C1F596A2A00325197 /* Build configuration list for PBXNativeTarget "OnlinerReader" */ = {
			isa = XCConfigurationList;
			buildConfigurations = (
				95D9064D1F596A2A00325197 /* Debug */,
				95D9064E1F596A2A00325197 /* Release */,
			);
			defaultConfigurationIsVisible = 0;
		};
/* End XCConfigurationList section */
	};
	rootObject = 95D906321F596A2A00325197 /* Project object */;
}
