// !$*UTF8*$!
{
	archiveVersion = 1;
	classes = {
	};
	objectVersion = 46;
	objects = {

/* Begin PBXBuildFile section */
		9523355C1F59E99200E8B949 /* News.swift in Sources */ = {isa = PBXBuildFile; fileRef = 9523355B1F59E99200E8B949 /* News.swift */; };
		952384761F6064D80044BBBE /* Utils.swift in Sources */ = {isa = PBXBuildFile; fileRef = 952384751F6064D80044BBBE /* Utils.swift */; };
		95CFD4D01F5EF2B50079A843 /* LoadingViewController.swift in Sources */ = {isa = PBXBuildFile; fileRef = 95CFD4CF1F5EF2B50079A843 /* LoadingViewController.swift */; };
		95D9063E1F596A2A00325197 /* AppDelegate.swift in Sources */ = {isa = PBXBuildFile; fileRef = 95D9063D1F596A2A00325197 /* AppDelegate.swift */; };
		95D906431F596A2A00325197 /* Main.storyboard in Resources */ = {isa = PBXBuildFile; fileRef = 95D906411F596A2A00325197 /* Main.storyboard */; };
		95D906451F596A2A00325197 /* Assets.xcassets in Resources */ = {isa = PBXBuildFile; fileRef = 95D906441F596A2A00325197 /* Assets.xcassets */; };
		95D906481F596A2A00325197 /* LaunchScreen.storyboard in Resources */ = {isa = PBXBuildFile; fileRef = 95D906461F596A2A00325197 /* LaunchScreen.storyboard */; };
		95D906511F596DE900325197 /* NewsViewController.swift in Sources */ = {isa = PBXBuildFile; fileRef = 95D906501F596DE900325197 /* NewsViewController.swift */; };
		95D906551F5971C300325197 /* NewsTableViewCell.swift in Sources */ = {isa = PBXBuildFile; fileRef = 95D906541F5971C300325197 /* NewsTableViewCell.swift */; };
		95D906571F5987E400325197 /* DetailViewController.swift in Sources */ = {isa = PBXBuildFile; fileRef = 95D906561F5987E400325197 /* DetailViewController.swift */; };
		95E9736A1F59B0E1002E6FF3 /* NewsManager.swift in Sources */ = {isa = PBXBuildFile; fileRef = 95E973691F59B0E1002E6FF3 /* NewsManager.swift */; };
		FCA61F485CAD6C9166BFA119 /* Pods_OnlinerReader.framework in Frameworks */ = {isa = PBXBuildFile; fileRef = 0E80F6FC847645164F5E4C08 /* Pods_OnlinerReader.framework */; };
/* End PBXBuildFile section */

/* Begin PBXFileReference section */
		00FC6439CFEE9A77D1D22D17 /* Pods-OnlinerReader.debug.xcconfig */ = {isa = PBXFileReference; includeInIndex = 1; lastKnownFileType = text.xcconfig; name = "Pods-OnlinerReader.debug.xcconfig"; path = "Pods/Target Support Files/Pods-OnlinerReader/Pods-OnlinerReader.debug.xcconfig"; sourceTree = "<group>"; };
		0E80F6FC847645164F5E4C08 /* Pods_OnlinerReader.framework */ = {isa = PBXFileReference; explicitFileType = wrapper.framework; includeInIndex = 0; path = Pods_OnlinerReader.framework; sourceTree = BUILT_PRODUCTS_DIR; };
		9523355B1F59E99200E8B949 /* News.swift */ = {isa = PBXFileReference; fileEncoding = 4; lastKnownFileType = sourcecode.swift; path = News.swift; sourceTree = "<group>"; };
		952384751F6064D80044BBBE /* Utils.swift */ = {isa = PBXFileReference; fileEncoding = 4; lastKnownFileType = sourcecode.swift; path = Utils.swift; sourceTree = "<group>"; };
		95CFD4CF1F5EF2B50079A843 /* LoadingViewController.swift */ = {isa = PBXFileReference; fileEncoding = 4; lastKnownFileType = sourcecode.swift; path = LoadingViewController.swift; sourceTree = "<group>"; };
		95D9063A1F596A2A00325197 /* OnlinerReader.app */ = {isa = PBXFileReference; explicitFileType = wrapper.application; includeInIndex = 0; path = OnlinerReader.app; sourceTree = BUILT_PRODUCTS_DIR; };
		95D9063D1F596A2A00325197 /* AppDelegate.swift */ = {isa = PBXFileReference; lastKnownFileType = sourcecode.swift; path = AppDelegate.swift; sourceTree = "<group>"; };
		95D906421F596A2A00325197 /* Base */ = {isa = PBXFileReference; lastKnownFileType = file.storyboard; name = Base; path = Base.lproj/Main.storyboard; sourceTree = "<group>"; };
		95D906441F596A2A00325197 /* Assets.xcassets */ = {isa = PBXFileReference; lastKnownFileType = folder.assetcatalog; path = Assets.xcassets; sourceTree = "<group>"; };
		95D906471F596A2A00325197 /* Base */ = {isa = PBXFileReference; lastKnownFileType = file.storyboard; name = Base; path = Base.lproj/LaunchScreen.storyboard; sourceTree = "<group>"; };
		95D906491F596A2A00325197 /* Info.plist */ = {isa = PBXFileReference; lastKnownFileType = text.plist.xml; path = Info.plist; sourceTree = "<group>"; };
		95D906501F596DE900325197 /* NewsViewController.swift */ = {isa = PBXFileReference; fileEncoding = 4; lastKnownFileType = sourcecode.swift; path = NewsViewController.swift; sourceTree = "<group>"; };
		95D906541F5971C300325197 /* NewsTableViewCell.swift */ = {isa = PBXFileReference; fileEncoding = 4; lastKnownFileType = sourcecode.swift; path = NewsTableViewCell.swift; sourceTree = "<group>"; };
		95D906561F5987E400325197 /* DetailViewController.swift */ = {isa = PBXFileReference; fileEncoding = 4; lastKnownFileType = sourcecode.swift; path = DetailViewController.swift; sourceTree = "<group>"; };
		95E973691F59B0E1002E6FF3 /* NewsManager.swift */ = {isa = PBXFileReference; fileEncoding = 4; lastKnownFileType = sourcecode.swift; path = NewsManager.swift; sourceTree = "<group>"; };
		C070868969EADECAC6748E41 /* Pods-OnlinerReader.release.xcconfig */ = {isa = PBXFileReference; includeInIndex = 1; lastKnownFileType = text.xcconfig; name = "Pods-OnlinerReader.release.xcconfig"; path = "Pods/Target Support Files/Pods-OnlinerReader/Pods-OnlinerReader.release.xcconfig"; sourceTree = "<group>"; };
/* End PBXFileReference section */

/* Begin PBXFrameworksBuildPhase section */
		95D906371F596A2A00325197 /* Frameworks */ = {
			isa = PBXFrameworksBuildPhase;
			buildActionMask = 2147483647;
			files = (
				FCA61F485CAD6C9166BFA119 /* Pods_OnlinerReader.framework in Frameworks */,
			);
			runOnlyForDeploymentPostprocessing = 0;
		};
/* End PBXFrameworksBuildPhase section */

/* Begin PBXGroup section */
		1C5986BA32027B38123D1A02 /* Pods */ = {
			isa = PBXGroup;
			children = (
				00FC6439CFEE9A77D1D22D17 /* Pods-OnlinerReader.debug.xcconfig */,
				C070868969EADECAC6748E41 /* Pods-OnlinerReader.release.xcconfig */,
			);
			name = Pods;
			sourceTree = "<group>";
		};
		68D1C8388FC964FDF64A54D2 /* Frameworks */ = {
			isa = PBXGroup;
			children = (
				0E80F6FC847645164F5E4C08 /* Pods_OnlinerReader.framework */,
			);
			name = Frameworks;
			sourceTree = "<group>";
		};
		9523355A1F59E98000E8B949 /* Model */ = {
			isa = PBXGroup;
			children = (
				9523355B1F59E99200E8B949 /* News.swift */,
				95E973691F59B0E1002E6FF3 /* NewsManager.swift */,
			);
			name = Model;
			sourceTree = "<group>";
		};
		95D906311F596A2A00325197 = {
			isa = PBXGroup;
			children = (
				95D9063C1F596A2A00325197 /* OnlinerReader */,
				95D9063B1F596A2A00325197 /* Products */,
				1C5986BA32027B38123D1A02 /* Pods */,
				68D1C8388FC964FDF64A54D2 /* Frameworks */,
			);
			sourceTree = "<group>";
		};
		95D9063B1F596A2A00325197 /* Products */ = {
			isa = PBXGroup;
			children = (
				95D9063A1F596A2A00325197 /* OnlinerReader.app */,
			);
			name = Products;
			sourceTree = "<group>";
		};
		95D9063C1F596A2A00325197 /* OnlinerReader */ = {
			isa = PBXGroup;
			children = (
				952384751F6064D80044BBBE /* Utils.swift */,
				9523355A1F59E98000E8B949 /* Model */,
				95D906521F596DF400325197 /* View */,
				95D9064F1F596DD000325197 /* Controllers */,
				95D906531F596FC600325197 /* Supporting files */,
			);
			path = OnlinerReader;
			sourceTree = "<group>";
		};
		95D9064F1F596DD000325197 /* Controllers */ = {
			isa = PBXGroup;
			children = (
				95CFD4CF1F5EF2B50079A843 /* LoadingViewController.swift */,
				95D906501F596DE900325197 /* NewsViewController.swift */,
				95D906561F5987E400325197 /* DetailViewController.swift */,
			);
			name = Controllers;
			sourceTree = "<group>";
		};
		95D906521F596DF400325197 /* View */ = {
			isa = PBXGroup;
			children = (
				95D906411F596A2A00325197 /* Main.storyboard */,
				95D906541F5971C300325197 /* NewsTableViewCell.swift */,
			);
			name = View;
			sourceTree = "<group>";
		};
		95D906531F596FC600325197 /* Supporting files */ = {
			isa = PBXGroup;
			children = (
				95D906491F596A2A00325197 /* Info.plist */,
				95D9063D1F596A2A00325197 /* AppDelegate.swift */,
				95D906461F596A2A00325197 /* LaunchScreen.storyboard */,
				95D906441F596A2A00325197 /* Assets.xcassets */,
			);
			name = "Supporting files";
			sourceTree = "<group>";
		};
/* End PBXGroup section */

/* Begin PBXNativeTarget section */
		95D906391F596A2A00325197 /* OnlinerReader */ = {
			isa = PBXNativeTarget;
			buildConfigurationList = 95D9064C1F596A2A00325197 /* Build configuration list for PBXNativeTarget "OnlinerReader" */;
			buildPhases = (
				F24E790146E157C25F17D6AC /* [CP] Check Pods Manifest.lock */,
				95D906361F596A2A00325197 /* Sources */,
				95D906371F596A2A00325197 /* Frameworks */,
				95D906381F596A2A00325197 /* Resources */,
				CC33EF011F91F62B185013D8 /* [CP] Embed Pods Frameworks */,
				41F5CB36AC6349DDFF85C8E0 /* [CP] Copy Pods Resources */,
			);
			buildRules = (
			);
			dependencies = (
			);
			name = OnlinerReader;
			productName = OnlinerReader;
			productReference = 95D9063A1F596A2A00325197 /* OnlinerReader.app */;
			productType = "com.apple.product-type.application";
		};
/* End PBXNativeTarget section */

/* Begin PBXProject section */
		95D906321F596A2A00325197 /* Project object */ = {
			isa = PBXProject;
			attributes = {
				LastSwiftUpdateCheck = 0820;
				LastUpgradeCheck = 0820;
				ORGANIZATIONNAME = biarozkin;
				TargetAttributes = {
					95D906391F596A2A00325197 = {
						CreatedOnToolsVersion = 8.2.1;
						ProvisioningStyle = Automatic;
					};
				};
			};
			buildConfigurationList = 95D906351F596A2A00325197 /* Build configuration list for PBXProject "OnlinerReader" */;
			compatibilityVersion = "Xcode 3.2";
			developmentRegion = English;
			hasScannedForEncodings = 0;
			knownRegions = (
				en,
				Base,
			);
			mainGroup = 95D906311F596A2A00325197;
			productRefGroup = 95D9063B1F596A2A00325197 /* Products */;
			projectDirPath = "";
			projectRoot = "";
			targets = (
				95D906391F596A2A00325197 /* OnlinerReader */,
			);
		};
/* End PBXProject section */

/* Begin PBXResourcesBuildPhase section */
		95D906381F596A2A00325197 /* Resources */ = {
			isa = PBXResourcesBuildPhase;
			buildActionMask = 2147483647;
			files = (
				95D906481F596A2A00325197 /* LaunchScreen.storyboard in Resources */,
				95D906451F596A2A00325197 /* Assets.xcassets in Resources */,
				95D906431F596A2A00325197 /* Main.storyboard in Resources */,
			);
			runOnlyForDeploymentPostprocessing = 0;
		};
/* End PBXResourcesBuildPhase section */

/* Begin PBXShellScriptBuildPhase section */
		41F5CB36AC6349DDFF85C8E0 /* [CP] Copy Pods Resources */ = {
			isa = PBXShellScriptBuildPhase;
			buildActionMask = 2147483647;
			files = (
			);
			inputPaths = (
			);
			name = "[CP] Copy Pods Resources";
			outputPaths = (
			);
			runOnlyForDeploymentPostprocessing = 0;
			shellPath = /bin/sh;
			shellScript = "\"${SRCROOT}/Pods/Target Support Files/Pods-OnlinerReader/Pods-OnlinerReader-resources.sh\"\n";
			showEnvVarsInLog = 0;
		};
		CC33EF011F91F62B185013D8 /* [CP] Embed Pods Frameworks */ = {
			isa = PBXShellScriptBuildPhase;
			buildActionMask = 2147483647;
			files = (
			);
			inputPaths = (
				"${SRCROOT}/Pods/Target Support Files/Pods-OnlinerReader/Pods-OnlinerReader-frameworks.sh",
				"${BUILT_PRODUCTS_DIR}/Alamofire/Alamofire.framework",
				"${BUILT_PRODUCTS_DIR}/Realm/Realm.framework",
				"${BUILT_PRODUCTS_DIR}/RealmSwift/RealmSwift.framework",
				"${BUILT_PRODUCTS_DIR}/SWXMLHash/SWXMLHash.framework",
			);
			name = "[CP] Embed Pods Frameworks";
			outputPaths = (
				"${TARGET_BUILD_DIR}/${FRAMEWORKS_FOLDER_PATH}/Alamofire.framework",
				"${TARGET_BUILD_DIR}/${FRAMEWORKS_FOLDER_PATH}/Realm.framework",
				"${TARGET_BUILD_DIR}/${FRAMEWORKS_FOLDER_PATH}/RealmSwift.framework",
				"${TARGET_BUILD_DIR}/${FRAMEWORKS_FOLDER_PATH}/SWXMLHash.framework",
			);
			runOnlyForDeploymentPostprocessing = 0;
			shellPath = /bin/sh;
			shellScript = "\"${SRCROOT}/Pods/Target Support Files/Pods-OnlinerReader/Pods-OnlinerReader-frameworks.sh\"\n";
			showEnvVarsInLog = 0;
		};
		F24E790146E157C25F17D6AC /* [CP] Check Pods Manifest.lock */ = {
			isa = PBXShellScriptBuildPhase;
			buildActionMask = 2147483647;
			files = (
			);
			inputPaths = (
				"${PODS_PODFILE_DIR_PATH}/Podfile.lock",
				"${PODS_ROOT}/Manifest.lock",
			);
			name = "[CP] Check Pods Manifest.lock";
			outputPaths = (
				"$(DERIVED_FILE_DIR)/Pods-OnlinerReader-checkManifestLockResult.txt",
			);
			runOnlyForDeploymentPostprocessing = 0;
			shellPath = /bin/sh;
			shellScript = "diff \"${PODS_PODFILE_DIR_PATH}/Podfile.lock\" \"${PODS_ROOT}/Manifest.lock\" > /dev/null\nif [ $? != 0 ] ; then\n    # print error to STDERR\n    echo \"error: The sandbox is not in sync with the Podfile.lock. Run 'pod install' or update your CocoaPods installation.\" >&2\n    exit 1\nfi\n# This output is used by Xcode 'outputs' to avoid re-running this script phase.\necho \"SUCCESS\" > \"${SCRIPT_OUTPUT_FILE_0}\"\n";
			showEnvVarsInLog = 0;
		};
/* End PBXShellScriptBuildPhase section */

/* Begin PBXSourcesBuildPhase section */
		95D906361F596A2A00325197 /* Sources */ = {
			isa = PBXSourcesBuildPhase;
			buildActionMask = 2147483647;
			files = (
				95CFD4D01F5EF2B50079A843 /* LoadingViewController.swift in Sources */,
				9523355C1F59E99200E8B949 /* News.swift in Sources */,
				95D906511F596DE900325197 /* NewsViewController.swift in Sources */,
				95D9063E1F596A2A00325197 /* AppDelegate.swift in Sources */,
				95E9736A1F59B0E1002E6FF3 /* NewsManager.swift in Sources */,
				95D906551F5971C300325197 /* NewsTableViewCell.swift in Sources */,
				95D906571F5987E400325197 /* DetailViewController.swift in Sources */,
				952384761F6064D80044BBBE /* Utils.swift in Sources */,
			);
			runOnlyForDeploymentPostprocessing = 0;
		};
/* End PBXSourcesBuildPhase section */

/* Begin PBXVariantGroup section */
		95D906411F596A2A00325197 /* Main.storyboard */ = {
			isa = PBXVariantGroup;
			children = (
				95D906421F596A2A00325197 /* Base */,
			);
			name = Main.storyboard;
			sourceTree = "<group>";
		};
		95D906461F596A2A00325197 /* LaunchScreen.storyboard */ = {
			isa = PBXVariantGroup;
			children = (
				95D906471F596A2A00325197 /* Base */,
			);
			name = LaunchScreen.storyboard;
			sourceTree = "<group>";
		};
/* End PBXVariantGroup section */

/* Begin XCBuildConfiguration section */
		95D9064A1F596A2A00325197 /* Debug */ = {
			isa = XCBuildConfiguration;
			buildSettings = {
				ALWAYS_SEARCH_USER_PATHS = NO;
				CLANG_ANALYZER_NONNULL = YES;
				CLANG_CXX_LANGUAGE_STANDARD = "gnu++0x";
				CLANG_CXX_LIBRARY = "libc++";
				CLANG_ENABLE_MODULES = YES;
				CLANG_ENABLE_OBJC_ARC = YES;
				CLANG_WARN_BOOL_CONVERSION = YES;
				CLANG_WARN_CONSTANT_CONVERSION = YES;
				CLANG_WARN_DIRECT_OBJC_ISA_USAGE = YES_ERROR;
				CLANG_WARN_DOCUMENTATION_COMMENTS = YES;
				CLANG_WARN_EMPTY_BODY = YES;
				CLANG_WARN_ENUM_CONVERSION = YES;
				CLANG_WARN_INFINITE_RECURSION = YES;
				CLANG_WARN_INT_CONVERSION = YES;
				CLANG_WARN_OBJC_ROOT_CLASS = YES_ERROR;
				CLANG_WARN_SUSPICIOUS_MOVE = YES;
				CLANG_WARN_UNREACHABLE_CODE = YES;
				CLANG_WARN__DUPLICATE_METHOD_MATCH = YES;
				"CODE_SIGN_IDENTITY[sdk=iphoneos*]" = "iPhone Developer";
				COPY_PHASE_STRIP = NO;
				DEBUG_INFORMATION_FORMAT = dwarf;
				ENABLE_STRICT_OBJC_MSGSEND = YES;
				ENABLE_TESTABILITY = YES;
				GCC_C_LANGUAGE_STANDARD = gnu99;
				GCC_DYNAMIC_NO_PIC = NO;
				GCC_NO_COMMON_BLOCKS = YES;
				GCC_OPTIMIZATION_LEVEL = 0;
				GCC_PREPROCESSOR_DEFINITIONS = (
					"DEBUG=1",
					"$(inherited)",
				);
				GCC_WARN_64_TO_32_BIT_CONVERSION = YES;
				GCC_WARN_ABOUT_RETURN_TYPE = YES_ERROR;
				GCC_WARN_UNDECLARED_SELECTOR = YES;
				GCC_WARN_UNINITIALIZED_AUTOS = YES_AGGRESSIVE;
				GCC_WARN_UNUSED_FUNCTION = YES;
				GCC_WARN_UNUSED_VARIABLE = YES;
				IPHONEOS_DEPLOYMENT_TARGET = 10.2;
				MTL_ENABLE_DEBUG_INFO = YES;
				ONLY_ACTIVE_ARCH = YES;
				SDKROOT = iphoneos;
				SWIFT_ACTIVE_COMPILATION_CONDITIONS = DEBUG;
				SWIFT_OPTIMIZATION_LEVEL = "-Onone";
			};
			name = Debug;
		};
		95D9064B1F596A2A00325197 /* Release */ = {
			isa = XCBuildConfiguration;
			buildSettings = {
				ALWAYS_SEARCH_USER_PATHS = NO;
				CLANG_ANALYZER_NONNULL = YES;
				CLANG_CXX_LANGUAGE_STANDARD = "gnu++0x";
				CLANG_CXX_LIBRARY = "libc++";
				CLANG_ENABLE_MODULES = YES;
				CLANG_ENABLE_OBJC_ARC = YES;
				CLANG_WARN_BOOL_CONVERSION = YES;
				CLANG_WARN_CONSTANT_CONVERSION = YES;
				CLANG_WARN_DIRECT_OBJC_ISA_USAGE = YES_ERROR;
				CLANG_WARN_DOCUMENTATION_COMMENTS = YES;
				CLANG_WARN_EMPTY_BODY = YES;
				CLANG_WARN_ENUM_CONVERSION = YES;
				CLANG_WARN_INFINITE_RECURSION = YES;
				CLANG_WARN_INT_CONVERSION = YES;
				CLANG_WARN_OBJC_ROOT_CLASS = YES_ERROR;
				CLANG_WARN_SUSPICIOUS_MOVE = YES;
				CLANG_WARN_UNREACHABLE_CODE = YES;
				CLANG_WARN__DUPLICATE_METHOD_MATCH = YES;
				"CODE_SIGN_IDENTITY[sdk=iphoneos*]" = "iPhone Developer";
				COPY_PHASE_STRIP = NO;
				DEBUG_INFORMATION_FORMAT = "dwarf-with-dsym";
				ENABLE_NS_ASSERTIONS = NO;
				ENABLE_STRICT_OBJC_MSGSEND = YES;
				GCC_C_LANGUAGE_STANDARD = gnu99;
				GCC_NO_COMMON_BLOCKS = YES;
				GCC_WARN_64_TO_32_BIT_CONVERSION = YES;
				GCC_WARN_ABOUT_RETURN_TYPE = YES_ERROR;
				GCC_WARN_UNDECLARED_SELECTOR = YES;
				GCC_WARN_UNINITIALIZED_AUTOS = YES_AGGRESSIVE;
				GCC_WARN_UNUSED_FUNCTION = YES;
				GCC_WARN_UNUSED_VARIABLE = YES;
				IPHONEOS_DEPLOYMENT_TARGET = 10.2;
				MTL_ENABLE_DEBUG_INFO = NO;
				SDKROOT = iphoneos;
				SWIFT_OPTIMIZATION_LEVEL = "-Owholemodule";
				VALIDATE_PRODUCT = YES;
			};
			name = Release;
		};
		95D9064D1F596A2A00325197 /* Debug */ = {
			isa = XCBuildConfiguration;
			baseConfigurationReference = 00FC6439CFEE9A77D1D22D17 /* Pods-OnlinerReader.debug.xcconfig */;
			buildSettings = {
				ASSETCATALOG_COMPILER_APPICON_NAME = AppIcon;
				INFOPLIST_FILE = OnlinerReader/Info.plist;
				LD_RUNPATH_SEARCH_PATHS = "$(inherited) @executable_path/Frameworks";
				PRODUCT_BUNDLE_IDENTIFIER = com.biarozkin.OnlinerReader;
				PRODUCT_NAME = "$(TARGET_NAME)";
				SWIFT_VERSION = 3.0;
			};
			name = Debug;
		};
		95D9064E1F596A2A00325197 /* Release */ = {
			isa = XCBuildConfiguration;
			baseConfigurationReference = C070868969EADECAC6748E41 /* Pods-OnlinerReader.release.xcconfig */;
			buildSettings = {
				ASSETCATALOG_COMPILER_APPICON_NAME = AppIcon;
				INFOPLIST_FILE = OnlinerReader/Info.plist;
				LD_RUNPATH_SEARCH_PATHS = "$(inherited) @executable_path/Frameworks";
				PRODUCT_BUNDLE_IDENTIFIER = com.biarozkin.OnlinerReader;
				PRODUCT_NAME = "$(TARGET_NAME)";
				SWIFT_VERSION = 3.0;
			};
			name = Release;
		};
/* End XCBuildConfiguration section */

/* Begin XCConfigurationList section */
		95D906351F596A2A00325197 /* Build configuration list for PBXProject "OnlinerReader" */ = {
			isa = XCConfigurationList;
			buildConfigurations = (
				95D9064A1F596A2A00325197 /* Debug */,
				95D9064B1F596A2A00325197 /* Release */,
			);
			defaultConfigurationIsVisible = 0;
			defaultConfigurationName = Release;
		};
		95D9064C1F596A2A00325197 /* Build configuration list for PBXNativeTarget "OnlinerReader" */ = {
			isa = XCConfigurationList;
			buildConfigurations = (
				95D9064D1F596A2A00325197 /* Debug */,
				95D9064E1F596A2A00325197 /* Release */,
			);
			defaultConfigurationIsVisible = 0;
			defaultConfigurationName = Release;
		};
/* End XCConfigurationList section */
	};
	rootObject = 95D906321F596A2A00325197 /* Project object */;
}
